// !$*UTF8*$!
{
	archiveVersion = 1;
	classes = {
	};
	objectVersion = 50;
	objects = {

/* Begin PBXBuildFile section */
		1929B0A0F4F1577A6F527EED /* DDC.c in Sources */ = {isa = PBXBuildFile; fileRef = 1929B6AF746F43FCA46B3E87 /* DDC.c */; };
		1929B4AD369727DB75F70768 /* AmbientLightSensor.m in Sources */ = {isa = PBXBuildFile; fileRef = 1929BE875518AF15DBC3E8A5 /* AmbientLightSensor.m */; };
		1929BDFCF7EFB7B07E8F8147 /* UltraFineDisplay.m in Sources */ = {isa = PBXBuildFile; fileRef = 1929B563716CBD8CDFB99586 /* UltraFineDisplay.m */; };
		4BEB1F2D225140F800BEF3CA /* main.m in Sources */ = {isa = PBXBuildFile; fileRef = 4BEB1F2C225140F800BEF3CA /* main.m */; };
		4BEB1F352251414500BEF3CA /* IOKit.framework in Frameworks */ = {isa = PBXBuildFile; fileRef = 4BEB1F342251414500BEF3CA /* IOKit.framework */; };
		4BEB1F37225146AB00BEF3CA /* AppKit.framework in Frameworks */ = {isa = PBXBuildFile; fileRef = 4BEB1F36225146AB00BEF3CA /* AppKit.framework */; };
		4BEB1F39225146B100BEF3CA /* Foundation.framework in Frameworks */ = {isa = PBXBuildFile; fileRef = 4BEB1F38225146B100BEF3CA /* Foundation.framework */; };
/* End PBXBuildFile section */

/* Begin PBXCopyFilesBuildPhase section */
		4BEB1F27225140F800BEF3CA /* CopyFiles */ = {
			isa = PBXCopyFilesBuildPhase;
			buildActionMask = 2147483647;
			dstPath = /usr/share/man/man1/;
			dstSubfolderSpec = 0;
			files = (
			);
			runOnlyForDeploymentPostprocessing = 1;
		};
/* End PBXCopyFilesBuildPhase section */

/* Begin PBXFileReference section */
		1929B563716CBD8CDFB99586 /* UltraFineDisplay.m */ = {isa = PBXFileReference; fileEncoding = 4; lastKnownFileType = sourcecode.c.objc; path = UltraFineDisplay.m; sourceTree = "<group>"; };
		1929B5A8DC900332604863D0 /* DDC.h */ = {isa = PBXFileReference; fileEncoding = 4; lastKnownFileType = sourcecode.c.h; name = DDC.h; path = ddcctl/DDC.h; sourceTree = SOURCE_ROOT; };
		1929B6AF746F43FCA46B3E87 /* DDC.c */ = {isa = PBXFileReference; fileEncoding = 4; lastKnownFileType = sourcecode.c.c; name = DDC.c; path = ddcctl/DDC.c; sourceTree = SOURCE_ROOT; };
		1929B8A0F0B2CADF0597ED98 /* logger.h */ = {isa = PBXFileReference; fileEncoding = 4; lastKnownFileType = sourcecode.c.h; path = logger.h; sourceTree = "<group>"; };
		1929BB16BB4950C87946C1F3 /* ddcctl.m */ = {isa = PBXFileReference; fileEncoding = 4; lastKnownFileType = sourcecode.c.objc; name = ddcctl.m; path = ddcctl/ddcctl.m; sourceTree = SOURCE_ROOT; };
		1929BC5330BD4C94C0982EC8 /* UltraFineDisplay.h */ = {isa = PBXFileReference; fileEncoding = 4; lastKnownFileType = sourcecode.c.h; path = UltraFineDisplay.h; sourceTree = "<group>"; };
		1929BE875518AF15DBC3E8A5 /* AmbientLightSensor.m */ = {isa = PBXFileReference; fileEncoding = 4; lastKnownFileType = sourcecode.c.objc; path = AmbientLightSensor.m; sourceTree = "<group>"; };
		1929BF8E061DDFBB948D7D72 /* AmbientLightSensor.h */ = {isa = PBXFileReference; fileEncoding = 4; lastKnownFileType = sourcecode.c.h; path = AmbientLightSensor.h; sourceTree = "<group>"; };
		4BEB1F29225140F800BEF3CA /* ultrafine-auto-brightness */ = {isa = PBXFileReference; explicitFileType = "compiled.mach-o.executable"; includeInIndex = 0; path = "ultrafine-auto-brightness"; sourceTree = BUILT_PRODUCTS_DIR; };
		4BEB1F2C225140F800BEF3CA /* main.m */ = {isa = PBXFileReference; lastKnownFileType = sourcecode.c.objc; path = main.m; sourceTree = "<group>"; };
		4BEB1F342251414500BEF3CA /* IOKit.framework */ = {isa = PBXFileReference; lastKnownFileType = wrapper.framework; name = IOKit.framework; path = System/Library/Frameworks/IOKit.framework; sourceTree = SDKROOT; };
		4BEB1F36225146AB00BEF3CA /* AppKit.framework */ = {isa = PBXFileReference; lastKnownFileType = wrapper.framework; name = AppKit.framework; path = System/Library/Frameworks/AppKit.framework; sourceTree = SDKROOT; };
		4BEB1F38225146B100BEF3CA /* Foundation.framework */ = {isa = PBXFileReference; lastKnownFileType = wrapper.framework; name = Foundation.framework; path = System/Library/Frameworks/Foundation.framework; sourceTree = SDKROOT; };
/* End PBXFileReference section */

/* Begin PBXFrameworksBuildPhase section */
		4BEB1F26225140F800BEF3CA /* Frameworks */ = {
			isa = PBXFrameworksBuildPhase;
			buildActionMask = 2147483647;
			files = (
				4BEB1F39225146B100BEF3CA /* Foundation.framework in Frameworks */,
				4BEB1F37225146AB00BEF3CA /* AppKit.framework in Frameworks */,
				4BEB1F352251414500BEF3CA /* IOKit.framework in Frameworks */,
			);
			runOnlyForDeploymentPostprocessing = 0;
		};
/* End PBXFrameworksBuildPhase section */

/* Begin PBXGroup section */
		4BEB1F20225140F800BEF3CA = {
			isa = PBXGroup;
			children = (
				4BEB1F2B225140F800BEF3CA /* ultrafine-auto-brightness */,
				4BEB1F2A225140F800BEF3CA /* Products */,
				4BEB1F332251414500BEF3CA /* Frameworks */,
			);
			sourceTree = "<group>";
		};
		4BEB1F2A225140F800BEF3CA /* Products */ = {
			isa = PBXGroup;
			children = (
				4BEB1F29225140F800BEF3CA /* ultrafine-auto-brightness */,
			);
			name = Products;
			sourceTree = "<group>";
		};
		4BEB1F2B225140F800BEF3CA /* ultrafine-auto-brightness */ = {
			isa = PBXGroup;
			children = (
				4BEB1F2C225140F800BEF3CA /* main.m */,
				1929BE875518AF15DBC3E8A5 /* AmbientLightSensor.m */,
				1929BF8E061DDFBB948D7D72 /* AmbientLightSensor.h */,
				1929B6AF746F43FCA46B3E87 /* DDC.c */,
				1929B5A8DC900332604863D0 /* DDC.h */,
				1929BB16BB4950C87946C1F3 /* ddcctl.m */,
				1929B563716CBD8CDFB99586 /* UltraFineDisplay.m */,
				1929BC5330BD4C94C0982EC8 /* UltraFineDisplay.h */,
				1929B8A0F0B2CADF0597ED98 /* logger.h */,
			);
			path = "ultrafine-auto-brightness";
			sourceTree = "<group>";
		};
		4BEB1F332251414500BEF3CA /* Frameworks */ = {
			isa = PBXGroup;
			children = (
				4BEB1F38225146B100BEF3CA /* Foundation.framework */,
				4BEB1F36225146AB00BEF3CA /* AppKit.framework */,
				4BEB1F342251414500BEF3CA /* IOKit.framework */,
			);
			name = Frameworks;
			sourceTree = "<group>";
		};
/* End PBXGroup section */

/* Begin PBXNativeTarget section */
		4BEB1F28225140F800BEF3CA /* ultrafine-auto-brightness */ = {
			isa = PBXNativeTarget;
			buildConfigurationList = 4BEB1F30225140F800BEF3CA /* Build configuration list for PBXNativeTarget "ultrafine-auto-brightness" */;
			buildPhases = (
				4BEB1F25225140F800BEF3CA /* Sources */,
				4BEB1F26225140F800BEF3CA /* Frameworks */,
				4BEB1F27225140F800BEF3CA /* CopyFiles */,
			);
			buildRules = (
			);
			dependencies = (
			);
			name = "ultrafine-auto-brightness";
			productName = "ultrafine-auto-brightness";
			productReference = 4BEB1F29225140F800BEF3CA /* ultrafine-auto-brightness */;
			productType = "com.apple.product-type.tool";
		};
/* End PBXNativeTarget section */

/* Begin PBXProject section */
		4BEB1F21225140F800BEF3CA /* Project object */ = {
			isa = PBXProject;
			attributes = {
				LastUpgradeCheck = 1020;
				ORGANIZATIONNAME = "Tae Won Ha";
				TargetAttributes = {
					4BEB1F28225140F800BEF3CA = {
						CreatedOnToolsVersion = 10.2;
					};
				};
			};
			buildConfigurationList = 4BEB1F24225140F800BEF3CA /* Build configuration list for PBXProject "ultrafine-auto-brightness" */;
			compatibilityVersion = "Xcode 9.3";
			developmentRegion = en;
			hasScannedForEncodings = 0;
			knownRegions = (
				en,
			);
			mainGroup = 4BEB1F20225140F800BEF3CA;
			productRefGroup = 4BEB1F2A225140F800BEF3CA /* Products */;
			projectDirPath = "";
			projectRoot = "";
			targets = (
				4BEB1F28225140F800BEF3CA /* ultrafine-auto-brightness */,
			);
		};
/* End PBXProject section */

/* Begin PBXSourcesBuildPhase section */
		4BEB1F25225140F800BEF3CA /* Sources */ = {
			isa = PBXSourcesBuildPhase;
			buildActionMask = 2147483647;
			files = (
				4BEB1F2D225140F800BEF3CA /* main.m in Sources */,
				1929B4AD369727DB75F70768 /* AmbientLightSensor.m in Sources */,
				1929B0A0F4F1577A6F527EED /* DDC.c in Sources */,
				1929BDFCF7EFB7B07E8F8147 /* UltraFineDisplay.m in Sources */,
			);
			runOnlyForDeploymentPostprocessing = 0;
		};
/* End PBXSourcesBuildPhase section */

/* Begin XCBuildConfiguration section */
		4BEB1F2E225140F800BEF3CA /* Debug */ = {
			isa = XCBuildConfiguration;
			buildSettings = {
				ALWAYS_SEARCH_USER_PATHS = NO;
				CLANG_ANALYZER_NONNULL = YES;
				CLANG_ANALYZER_NUMBER_OBJECT_CONVERSION = YES_AGGRESSIVE;
				CLANG_CXX_LANGUAGE_STANDARD = "gnu++14";
				CLANG_CXX_LIBRARY = "libc++";
				CLANG_ENABLE_MODULES = YES;
				CLANG_ENABLE_OBJC_ARC = YES;
				CLANG_ENABLE_OBJC_WEAK = YES;
				CLANG_WARN_BLOCK_CAPTURE_AUTORELEASING = YES;
				CLANG_WARN_BOOL_CONVERSION = YES;
				CLANG_WARN_COMMA = YES;
				CLANG_WARN_CONSTANT_CONVERSION = YES;
				CLANG_WARN_DEPRECATED_OBJC_IMPLEMENTATIONS = YES;
				CLANG_WARN_DIRECT_OBJC_ISA_USAGE = YES_ERROR;
				CLANG_WARN_DOCUMENTATION_COMMENTS = YES;
				CLANG_WARN_EMPTY_BODY = YES;
				CLANG_WARN_ENUM_CONVERSION = YES;
				CLANG_WARN_INFINITE_RECURSION = YES;
				CLANG_WARN_INT_CONVERSION = YES;
				CLANG_WARN_NON_LITERAL_NULL_CONVERSION = YES;
				CLANG_WARN_OBJC_IMPLICIT_RETAIN_SELF = YES;
				CLANG_WARN_OBJC_LITERAL_CONVERSION = YES;
				CLANG_WARN_OBJC_ROOT_CLASS = YES_ERROR;
				CLANG_WARN_RANGE_LOOP_ANALYSIS = YES;
				CLANG_WARN_STRICT_PROTOTYPES = YES;
				CLANG_WARN_SUSPICIOUS_MOVE = YES;
				CLANG_WARN_UNGUARDED_AVAILABILITY = YES_AGGRESSIVE;
				CLANG_WARN_UNREACHABLE_CODE = YES;
				CLANG_WARN__DUPLICATE_METHOD_MATCH = YES;
				CODE_SIGN_IDENTITY = "-";
				COPY_PHASE_STRIP = NO;
				DEBUG_INFORMATION_FORMAT = dwarf;
				ENABLE_STRICT_OBJC_MSGSEND = YES;
				ENABLE_TESTABILITY = YES;
				GCC_C_LANGUAGE_STANDARD = gnu11;
				GCC_DYNAMIC_NO_PIC = NO;
				GCC_NO_COMMON_BLOCKS = YES;
				GCC_OPTIMIZATION_LEVEL = 0;
				GCC_PREPROCESSOR_DEFINITIONS = (
					"DEBUG=1",
					"$(inherited)",
				);
				GCC_WARN_64_TO_32_BIT_CONVERSION = YES;
				GCC_WARN_ABOUT_RETURN_TYPE = YES_ERROR;
				GCC_WARN_UNDECLARED_SELECTOR = YES;
				GCC_WARN_UNINITIALIZED_AUTOS = YES_AGGRESSIVE;
				GCC_WARN_UNUSED_FUNCTION = YES;
				GCC_WARN_UNUSED_VARIABLE = YES;
				MACOSX_DEPLOYMENT_TARGET = 10.14;
				MTL_ENABLE_DEBUG_INFO = INCLUDE_SOURCE;
				MTL_FAST_MATH = YES;
				ONLY_ACTIVE_ARCH = YES;
				SDKROOT = macosx;
			};
			name = Debug;
		};
		4BEB1F2F225140F800BEF3CA /* Release */ = {
			isa = XCBuildConfiguration;
			buildSettings = {
				ALWAYS_SEARCH_USER_PATHS = NO;
				CLANG_ANALYZER_NONNULL = YES;
				CLANG_ANALYZER_NUMBER_OBJECT_CONVERSION = YES_AGGRESSIVE;
				CLANG_CXX_LANGUAGE_STANDARD = "gnu++14";
				CLANG_CXX_LIBRARY = "libc++";
				CLANG_ENABLE_MODULES = YES;
				CLANG_ENABLE_OBJC_ARC = YES;
				CLANG_ENABLE_OBJC_WEAK = YES;
				CLANG_WARN_BLOCK_CAPTURE_AUTORELEASING = YES;
				CLANG_WARN_BOOL_CONVERSION = YES;
				CLANG_WARN_COMMA = YES;
				CLANG_WARN_CONSTANT_CONVERSION = YES;
				CLANG_WARN_DEPRECATED_OBJC_IMPLEMENTATIONS = YES;
				CLANG_WARN_DIRECT_OBJC_ISA_USAGE = YES_ERROR;
				CLANG_WARN_DOCUMENTATION_COMMENTS = YES;
				CLANG_WARN_EMPTY_BODY = YES;
				CLANG_WARN_ENUM_CONVERSION = YES;
				CLANG_WARN_INFINITE_RECURSION = YES;
				CLANG_WARN_INT_CONVERSION = YES;
				CLANG_WARN_NON_LITERAL_NULL_CONVERSION = YES;
				CLANG_WARN_OBJC_IMPLICIT_RETAIN_SELF = YES;
				CLANG_WARN_OBJC_LITERAL_CONVERSION = YES;
				CLANG_WARN_OBJC_ROOT_CLASS = YES_ERROR;
				CLANG_WARN_RANGE_LOOP_ANALYSIS = YES;
				CLANG_WARN_STRICT_PROTOTYPES = YES;
				CLANG_WARN_SUSPICIOUS_MOVE = YES;
				CLANG_WARN_UNGUARDED_AVAILABILITY = YES_AGGRESSIVE;
				CLANG_WARN_UNREACHABLE_CODE = YES;
				CLANG_WARN__DUPLICATE_METHOD_MATCH = YES;
				CODE_SIGN_IDENTITY = "-";
				COPY_PHASE_STRIP = NO;
				DEBUG_INFORMATION_FORMAT = "dwarf-with-dsym";
				ENABLE_NS_ASSERTIONS = NO;
				ENABLE_STRICT_OBJC_MSGSEND = YES;
				GCC_C_LANGUAGE_STANDARD = gnu11;
				GCC_NO_COMMON_BLOCKS = YES;
				GCC_WARN_64_TO_32_BIT_CONVERSION = YES;
				GCC_WARN_ABOUT_RETURN_TYPE = YES_ERROR;
				GCC_WARN_UNDECLARED_SELECTOR = YES;
				GCC_WARN_UNINITIALIZED_AUTOS = YES_AGGRESSIVE;
				GCC_WARN_UNUSED_FUNCTION = YES;
				GCC_WARN_UNUSED_VARIABLE = YES;
				MACOSX_DEPLOYMENT_TARGET = 10.14;
				MTL_ENABLE_DEBUG_INFO = NO;
				MTL_FAST_MATH = YES;
				SDKROOT = macosx;
			};
			name = Release;
		};
		4BEB1F31225140F800BEF3CA /* Debug */ = {
			isa = XCBuildConfiguration;
			buildSettings = {
				CODE_SIGN_STYLE = Automatic;
				PRODUCT_NAME = "$(TARGET_NAME)";
			};
			name = Debug;
		};
		4BEB1F32225140F800BEF3CA /* Release */ = {
			isa = XCBuildConfiguration;
			buildSettings = {
				CODE_SIGN_STYLE = Automatic;
				PRODUCT_NAME = "$(TARGET_NAME)";
			};
			name = Release;
		};
/* End XCBuildConfiguration section */

/* Begin XCConfigurationList section */
		4BEB1F24225140F800BEF3CA /* Build configuration list for PBXProject "ultrafine-auto-brightness" */ = {
			isa = XCConfigurationList;
			buildConfigurations = (
				4BEB1F2E225140F800BEF3CA /* Debug */,
				4BEB1F2F225140F800BEF3CA /* Release */,
			);
			defaultConfigurationIsVisible = 0;
			defaultConfigurationName = Release;
		};
		4BEB1F30225140F800BEF3CA /* Build configuration list for PBXNativeTarget "ultrafine-auto-brightness" */ = {
			isa = XCConfigurationList;
			buildConfigurations = (
				4BEB1F31225140F800BEF3CA /* Debug */,
				4BEB1F32225140F800BEF3CA /* Release */,
			);
			defaultConfigurationIsVisible = 0;
			defaultConfigurationName = Release;
		};
/* End XCConfigurationList section */
	};
	rootObject = 4BEB1F21225140F800BEF3CA /* Project object */;
}
